// !$*UTF8*$!
{
	archiveVersion = 1;
	classes = {
	};
	objectVersion = 46;
	objects = {

/* Begin PBXBuildFile section */
		9C07B65F1D9A26F20034C443 /* AppDelegate.swift in Sources */ = {isa = PBXBuildFile; fileRef = 9C07B65E1D9A26F20034C443 /* AppDelegate.swift */; };
		9C07B6611D9A26F20034C443 /* ViewController.swift in Sources */ = {isa = PBXBuildFile; fileRef = 9C07B6601D9A26F20034C443 /* ViewController.swift */; };
		9C07B6641D9A26F20034C443 /* Main.storyboard in Resources */ = {isa = PBXBuildFile; fileRef = 9C07B6621D9A26F20034C443 /* Main.storyboard */; };
		9C07B6661D9A26F20034C443 /* Assets.xcassets in Resources */ = {isa = PBXBuildFile; fileRef = 9C07B6651D9A26F20034C443 /* Assets.xcassets */; };
		9C07B6691D9A26F20034C443 /* LaunchScreen.storyboard in Resources */ = {isa = PBXBuildFile; fileRef = 9C07B6671D9A26F20034C443 /* LaunchScreen.storyboard */; };
		9C07B6741D9A26F20034C443 /* ec601_homework2Tests.swift in Sources */ = {isa = PBXBuildFile; fileRef = 9C07B6731D9A26F20034C443 /* ec601_homework2Tests.swift */; };
		9C07B67F1D9A26F20034C443 /* ec601_homework2UITests.swift in Sources */ = {isa = PBXBuildFile; fileRef = 9C07B67E1D9A26F20034C443 /* ec601_homework2UITests.swift */; };
		9C07B68F1D9A287F0034C443 /* FBSDKCoreKit.framework in Frameworks */ = {isa = PBXBuildFile; fileRef = 9C07B68C1D9A287F0034C443 /* FBSDKCoreKit.framework */; };
		9C07B6901D9A287F0034C443 /* FBSDKLoginKit.framework in Frameworks */ = {isa = PBXBuildFile; fileRef = 9C07B68D1D9A287F0034C443 /* FBSDKLoginKit.framework */; };
		9C07B6911D9A287F0034C443 /* FBSDKShareKit.framework in Frameworks */ = {isa = PBXBuildFile; fileRef = 9C07B68E1D9A287F0034C443 /* FBSDKShareKit.framework */; };
		9C07B6941D9A29EA0034C443 /* bridge.m in Sources */ = {isa = PBXBuildFile; fileRef = 9C07B6931D9A29EA0034C443 /* bridge.m */; };
		9C50F09A1D9E06A1007BAE76 /* WelcomeViewController.swift in Sources */ = {isa = PBXBuildFile; fileRef = 9C50F0991D9E06A1007BAE76 /* WelcomeViewController.swift */; };
		9C50F09C1D9E0C29007BAE76 /* PageViewController.swift in Sources */ = {isa = PBXBuildFile; fileRef = 9C50F09B1D9E0C29007BAE76 /* PageViewController.swift */; };
		9C50F09E1D9F2DCC007BAE76 /* NameViewController.swift in Sources */ = {isa = PBXBuildFile; fileRef = 9C50F09D1D9F2DCC007BAE76 /* NameViewController.swift */; };
		9C7A26191D9A32D90091B154 /* Bolts.framework in Frameworks */ = {isa = PBXBuildFile; fileRef = 9C7A26181D9A32D90091B154 /* Bolts.framework */; };
/* End PBXBuildFile section */

/* Begin PBXContainerItemProxy section */
		9C07B6701D9A26F20034C443 /* PBXContainerItemProxy */ = {
			isa = PBXContainerItemProxy;
			containerPortal = 9C07B6531D9A26F20034C443 /* Project object */;
			proxyType = 1;
			remoteGlobalIDString = 9C07B65A1D9A26F20034C443;
			remoteInfo = ec601_homework2;
		};
		9C07B67B1D9A26F20034C443 /* PBXContainerItemProxy */ = {
			isa = PBXContainerItemProxy;
			containerPortal = 9C07B6531D9A26F20034C443 /* Project object */;
			proxyType = 1;
			remoteGlobalIDString = 9C07B65A1D9A26F20034C443;
			remoteInfo = ec601_homework2;
		};
/* End PBXContainerItemProxy section */

/* Begin PBXFileReference section */
		9C07B65B1D9A26F20034C443 /* ec601_homework2.app */ = {isa = PBXFileReference; explicitFileType = wrapper.application; includeInIndex = 0; path = ec601_homework2.app; sourceTree = BUILT_PRODUCTS_DIR; };
		9C07B65E1D9A26F20034C443 /* AppDelegate.swift */ = {isa = PBXFileReference; lastKnownFileType = sourcecode.swift; path = AppDelegate.swift; sourceTree = "<group>"; };
		9C07B6601D9A26F20034C443 /* ViewController.swift */ = {isa = PBXFileReference; lastKnownFileType = sourcecode.swift; path = ViewController.swift; sourceTree = "<group>"; };
		9C07B6631D9A26F20034C443 /* Base */ = {isa = PBXFileReference; lastKnownFileType = file.storyboard; name = Base; path = Base.lproj/Main.storyboard; sourceTree = "<group>"; };
		9C07B6651D9A26F20034C443 /* Assets.xcassets */ = {isa = PBXFileReference; lastKnownFileType = folder.assetcatalog; path = Assets.xcassets; sourceTree = "<group>"; };
		9C07B6681D9A26F20034C443 /* Base */ = {isa = PBXFileReference; lastKnownFileType = file.storyboard; name = Base; path = Base.lproj/LaunchScreen.storyboard; sourceTree = "<group>"; };
		9C07B66A1D9A26F20034C443 /* Info.plist */ = {isa = PBXFileReference; lastKnownFileType = text.plist.xml; path = Info.plist; sourceTree = "<group>"; };
		9C07B66F1D9A26F20034C443 /* ec601_homework2Tests.xctest */ = {isa = PBXFileReference; explicitFileType = wrapper.cfbundle; includeInIndex = 0; path = ec601_homework2Tests.xctest; sourceTree = BUILT_PRODUCTS_DIR; };
		9C07B6731D9A26F20034C443 /* ec601_homework2Tests.swift */ = {isa = PBXFileReference; lastKnownFileType = sourcecode.swift; path = ec601_homework2Tests.swift; sourceTree = "<group>"; };
		9C07B6751D9A26F20034C443 /* Info.plist */ = {isa = PBXFileReference; lastKnownFileType = text.plist.xml; path = Info.plist; sourceTree = "<group>"; };
		9C07B67A1D9A26F20034C443 /* ec601_homework2UITests.xctest */ = {isa = PBXFileReference; explicitFileType = wrapper.cfbundle; includeInIndex = 0; path = ec601_homework2UITests.xctest; sourceTree = BUILT_PRODUCTS_DIR; };
		9C07B67E1D9A26F20034C443 /* ec601_homework2UITests.swift */ = {isa = PBXFileReference; lastKnownFileType = sourcecode.swift; path = ec601_homework2UITests.swift; sourceTree = "<group>"; };
		9C07B6801D9A26F20034C443 /* Info.plist */ = {isa = PBXFileReference; lastKnownFileType = text.plist.xml; path = Info.plist; sourceTree = "<group>"; };
		9C07B68C1D9A287F0034C443 /* FBSDKCoreKit.framework */ = {isa = PBXFileReference; lastKnownFileType = wrapper.framework; path = FBSDKCoreKit.framework; sourceTree = "<group>"; };
		9C07B68D1D9A287F0034C443 /* FBSDKLoginKit.framework */ = {isa = PBXFileReference; lastKnownFileType = wrapper.framework; path = FBSDKLoginKit.framework; sourceTree = "<group>"; };
		9C07B68E1D9A287F0034C443 /* FBSDKShareKit.framework */ = {isa = PBXFileReference; lastKnownFileType = wrapper.framework; path = FBSDKShareKit.framework; sourceTree = "<group>"; };
		9C07B6921D9A29E90034C443 /* ec601_homework2-Bridging-Header.h */ = {isa = PBXFileReference; lastKnownFileType = sourcecode.c.h; path = "ec601_homework2-Bridging-Header.h"; sourceTree = "<group>"; };
		9C07B6931D9A29EA0034C443 /* bridge.m */ = {isa = PBXFileReference; fileEncoding = 4; lastKnownFileType = sourcecode.c.objc; path = bridge.m; sourceTree = "<group>"; };
		9C50F0991D9E06A1007BAE76 /* WelcomeViewController.swift */ = {isa = PBXFileReference; fileEncoding = 4; lastKnownFileType = sourcecode.swift; path = WelcomeViewController.swift; sourceTree = "<group>"; };
		9C50F09B1D9E0C29007BAE76 /* PageViewController.swift */ = {isa = PBXFileReference; fileEncoding = 4; lastKnownFileType = sourcecode.swift; path = PageViewController.swift; sourceTree = "<group>"; };
		9C50F09D1D9F2DCC007BAE76 /* NameViewController.swift */ = {isa = PBXFileReference; fileEncoding = 4; lastKnownFileType = sourcecode.swift; path = NameViewController.swift; sourceTree = "<group>"; };
		9C7A26181D9A32D90091B154 /* Bolts.framework */ = {isa = PBXFileReference; lastKnownFileType = wrapper.framework; path = Bolts.framework; sourceTree = "<group>"; };
/* End PBXFileReference section */

/* Begin PBXFrameworksBuildPhase section */
		9C07B6581D9A26F20034C443 /* Frameworks */ = {
			isa = PBXFrameworksBuildPhase;
			buildActionMask = 2147483647;
			files = (
				9C07B6901D9A287F0034C443 /* FBSDKLoginKit.framework in Frameworks */,
				9C07B68F1D9A287F0034C443 /* FBSDKCoreKit.framework in Frameworks */,
				9C07B6911D9A287F0034C443 /* FBSDKShareKit.framework in Frameworks */,
				9C7A26191D9A32D90091B154 /* Bolts.framework in Frameworks */,
			);
			runOnlyForDeploymentPostprocessing = 0;
		};
		9C07B66C1D9A26F20034C443 /* Frameworks */ = {
			isa = PBXFrameworksBuildPhase;
			buildActionMask = 2147483647;
			files = (
			);
			runOnlyForDeploymentPostprocessing = 0;
		};
		9C07B6771D9A26F20034C443 /* Frameworks */ = {
			isa = PBXFrameworksBuildPhase;
			buildActionMask = 2147483647;
			files = (
			);
			runOnlyForDeploymentPostprocessing = 0;
		};
/* End PBXFrameworksBuildPhase section */

/* Begin PBXGroup section */
		9C07B6521D9A26F20034C443 = {
			isa = PBXGroup;
			children = (
				9C07B65D1D9A26F20034C443 /* ec601_homework2 */,
				9C07B6721D9A26F20034C443 /* ec601_homework2Tests */,
				9C07B67D1D9A26F20034C443 /* ec601_homework2UITests */,
				9C07B65C1D9A26F20034C443 /* Products */,
			);
			sourceTree = "<group>";
		};
		9C07B65C1D9A26F20034C443 /* Products */ = {
			isa = PBXGroup;
			children = (
				9C07B65B1D9A26F20034C443 /* ec601_homework2.app */,
				9C07B66F1D9A26F20034C443 /* ec601_homework2Tests.xctest */,
				9C07B67A1D9A26F20034C443 /* ec601_homework2UITests.xctest */,
			);
			name = Products;
			sourceTree = "<group>";
		};
		9C07B65D1D9A26F20034C443 /* ec601_homework2 */ = {
			isa = PBXGroup;
			children = (
				9C50F09D1D9F2DCC007BAE76 /* NameViewController.swift */,
				9C50F09B1D9E0C29007BAE76 /* PageViewController.swift */,
				9C50F0991D9E06A1007BAE76 /* WelcomeViewController.swift */,
				9C07B65E1D9A26F20034C443 /* AppDelegate.swift */,
				9C07B6601D9A26F20034C443 /* ViewController.swift */,
				9C07B6621D9A26F20034C443 /* Main.storyboard */,
				9C07B6651D9A26F20034C443 /* Assets.xcassets */,
				9C07B6671D9A26F20034C443 /* LaunchScreen.storyboard */,
				9C07B66A1D9A26F20034C443 /* Info.plist */,
				9C07B68C1D9A287F0034C443 /* FBSDKCoreKit.framework */,
				9C07B68D1D9A287F0034C443 /* FBSDKLoginKit.framework */,
				9C07B68E1D9A287F0034C443 /* FBSDKShareKit.framework */,
				9C07B6931D9A29EA0034C443 /* bridge.m */,
				9C07B6921D9A29E90034C443 /* ec601_homework2-Bridging-Header.h */,
				9C7A26181D9A32D90091B154 /* Bolts.framework */,
			);
			path = ec601_homework2;
			sourceTree = "<group>";
		};
		9C07B6721D9A26F20034C443 /* ec601_homework2Tests */ = {
			isa = PBXGroup;
			children = (
				9C07B6731D9A26F20034C443 /* ec601_homework2Tests.swift */,
				9C07B6751D9A26F20034C443 /* Info.plist */,
			);
			path = ec601_homework2Tests;
			sourceTree = "<group>";
		};
		9C07B67D1D9A26F20034C443 /* ec601_homework2UITests */ = {
			isa = PBXGroup;
			children = (
				9C07B67E1D9A26F20034C443 /* ec601_homework2UITests.swift */,
				9C07B6801D9A26F20034C443 /* Info.plist */,
			);
			path = ec601_homework2UITests;
			sourceTree = "<group>";
		};
/* End PBXGroup section */

/* Begin PBXNativeTarget section */
		9C07B65A1D9A26F20034C443 /* ec601_homework2 */ = {
			isa = PBXNativeTarget;
			buildConfigurationList = 9C07B6831D9A26F20034C443 /* Build configuration list for PBXNativeTarget "ec601_homework2" */;
			buildPhases = (
				9C07B6571D9A26F20034C443 /* Sources */,
				9C07B6581D9A26F20034C443 /* Frameworks */,
				9C07B6591D9A26F20034C443 /* Resources */,
			);
			buildRules = (
			);
			dependencies = (
			);
			name = ec601_homework2;
			productName = ec601_homework2;
			productReference = 9C07B65B1D9A26F20034C443 /* ec601_homework2.app */;
			productType = "com.apple.product-type.application";
		};
		9C07B66E1D9A26F20034C443 /* ec601_homework2Tests */ = {
			isa = PBXNativeTarget;
			buildConfigurationList = 9C07B6861D9A26F20034C443 /* Build configuration list for PBXNativeTarget "ec601_homework2Tests" */;
			buildPhases = (
				9C07B66B1D9A26F20034C443 /* Sources */,
				9C07B66C1D9A26F20034C443 /* Frameworks */,
				9C07B66D1D9A26F20034C443 /* Resources */,
			);
			buildRules = (
			);
			dependencies = (
				9C07B6711D9A26F20034C443 /* PBXTargetDependency */,
			);
			name = ec601_homework2Tests;
			productName = ec601_homework2Tests;
			productReference = 9C07B66F1D9A26F20034C443 /* ec601_homework2Tests.xctest */;
			productType = "com.apple.product-type.bundle.unit-test";
		};
		9C07B6791D9A26F20034C443 /* ec601_homework2UITests */ = {
			isa = PBXNativeTarget;
			buildConfigurationList = 9C07B6891D9A26F20034C443 /* Build configuration list for PBXNativeTarget "ec601_homework2UITests" */;
			buildPhases = (
				9C07B6761D9A26F20034C443 /* Sources */,
				9C07B6771D9A26F20034C443 /* Frameworks */,
				9C07B6781D9A26F20034C443 /* Resources */,
			);
			buildRules = (
			);
			dependencies = (
				9C07B67C1D9A26F20034C443 /* PBXTargetDependency */,
			);
			name = ec601_homework2UITests;
			productName = ec601_homework2UITests;
			productReference = 9C07B67A1D9A26F20034C443 /* ec601_homework2UITests.xctest */;
			productType = "com.apple.product-type.bundle.ui-testing";
		};
/* End PBXNativeTarget section */

/* Begin PBXProject section */
		9C07B6531D9A26F20034C443 /* Project object */ = {
			isa = PBXProject;
			attributes = {
				LastSwiftUpdateCheck = 0810;
				LastUpgradeCheck = 0810;
				ORGANIZATIONNAME = "吴迪";
				TargetAttributes = {
					9C07B65A1D9A26F20034C443 = {
						CreatedOnToolsVersion = 8.1;
						LastSwiftMigration = 0810;
						ProvisioningStyle = Automatic;
					};
					9C07B66E1D9A26F20034C443 = {
						CreatedOnToolsVersion = 8.1;
						ProvisioningStyle = Automatic;
						TestTargetID = 9C07B65A1D9A26F20034C443;
					};
					9C07B6791D9A26F20034C443 = {
						CreatedOnToolsVersion = 8.1;
						ProvisioningStyle = Automatic;
						TestTargetID = 9C07B65A1D9A26F20034C443;
					};
				};
			};
			buildConfigurationList = 9C07B6561D9A26F20034C443 /* Build configuration list for PBXProject "ec601_homework2" */;
			compatibilityVersion = "Xcode 3.2";
			developmentRegion = English;
			hasScannedForEncodings = 0;
			knownRegions = (
				en,
				Base,
			);
			mainGroup = 9C07B6521D9A26F20034C443;
			productRefGroup = 9C07B65C1D9A26F20034C443 /* Products */;
			projectDirPath = "";
			projectRoot = "";
			targets = (
				9C07B65A1D9A26F20034C443 /* ec601_homework2 */,
				9C07B66E1D9A26F20034C443 /* ec601_homework2Tests */,
				9C07B6791D9A26F20034C443 /* ec601_homework2UITests */,
			);
		};
/* End PBXProject section */

/* Begin PBXResourcesBuildPhase section */
		9C07B6591D9A26F20034C443 /* Resources */ = {
			isa = PBXResourcesBuildPhase;
			buildActionMask = 2147483647;
			files = (
				9C07B6691D9A26F20034C443 /* LaunchScreen.storyboard in Resources */,
				9C07B6661D9A26F20034C443 /* Assets.xcassets in Resources */,
				9C07B6641D9A26F20034C443 /* Main.storyboard in Resources */,
			);
			runOnlyForDeploymentPostprocessing = 0;
		};
		9C07B66D1D9A26F20034C443 /* Resources */ = {
			isa = PBXResourcesBuildPhase;
			buildActionMask = 2147483647;
			files = (
			);
			runOnlyForDeploymentPostprocessing = 0;
		};
		9C07B6781D9A26F20034C443 /* Resources */ = {
			isa = PBXResourcesBuildPhase;
			buildActionMask = 2147483647;
			files = (
			);
			runOnlyForDeploymentPostprocessing = 0;
		};
/* End PBXResourcesBuildPhase section */

/* Begin PBXSourcesBuildPhase section */
		9C07B6571D9A26F20034C443 /* Sources */ = {
			isa = PBXSourcesBuildPhase;
			buildActionMask = 2147483647;
			files = (
				9C07B6941D9A29EA0034C443 /* bridge.m in Sources */,
				9C50F09C1D9E0C29007BAE76 /* PageViewController.swift in Sources */,
				9C50F09A1D9E06A1007BAE76 /* WelcomeViewController.swift in Sources */,
				9C07B6611D9A26F20034C443 /* ViewController.swift in Sources */,
				9C07B65F1D9A26F20034C443 /* AppDelegate.swift in Sources */,
				9C50F09E1D9F2DCC007BAE76 /* NameViewController.swift in Sources */,
			);
			runOnlyForDeploymentPostprocessing = 0;
		};
		9C07B66B1D9A26F20034C443 /* Sources */ = {
			isa = PBXSourcesBuildPhase;
			buildActionMask = 2147483647;
			files = (
				9C07B6741D9A26F20034C443 /* ec601_homework2Tests.swift in Sources */,
			);
			runOnlyForDeploymentPostprocessing = 0;
		};
		9C07B6761D9A26F20034C443 /* Sources */ = {
			isa = PBXSourcesBuildPhase;
			buildActionMask = 2147483647;
			files = (
				9C07B67F1D9A26F20034C443 /* ec601_homework2UITests.swift in Sources */,
			);
			runOnlyForDeploymentPostprocessing = 0;
		};
/* End PBXSourcesBuildPhase section */

/* Begin PBXTargetDependency section */
		9C07B6711D9A26F20034C443 /* PBXTargetDependency */ = {
			isa = PBXTargetDependency;
			target = 9C07B65A1D9A26F20034C443 /* ec601_homework2 */;
			targetProxy = 9C07B6701D9A26F20034C443 /* PBXContainerItemProxy */;
		};
		9C07B67C1D9A26F20034C443 /* PBXTargetDependency */ = {
			isa = PBXTargetDependency;
			target = 9C07B65A1D9A26F20034C443 /* ec601_homework2 */;
			targetProxy = 9C07B67B1D9A26F20034C443 /* PBXContainerItemProxy */;
		};
/* End PBXTargetDependency section */

/* Begin PBXVariantGroup section */
		9C07B6621D9A26F20034C443 /* Main.storyboard */ = {
			isa = PBXVariantGroup;
			children = (
				9C07B6631D9A26F20034C443 /* Base */,
			);
			name = Main.storyboard;
			sourceTree = "<group>";
		};
		9C07B6671D9A26F20034C443 /* LaunchScreen.storyboard */ = {
			isa = PBXVariantGroup;
			children = (
				9C07B6681D9A26F20034C443 /* Base */,
			);
			name = LaunchScreen.storyboard;
			sourceTree = "<group>";
		};
/* End PBXVariantGroup section */

/* Begin XCBuildConfiguration section */
		9C07B6811D9A26F20034C443 /* Debug */ = {
			isa = XCBuildConfiguration;
			buildSettings = {
				ALWAYS_SEARCH_USER_PATHS = NO;
				CLANG_ANALYZER_NONNULL = YES;
				CLANG_CXX_LANGUAGE_STANDARD = "gnu++0x";
				CLANG_CXX_LIBRARY = "libc++";
				CLANG_ENABLE_MODULES = YES;
				CLANG_ENABLE_OBJC_ARC = YES;
				CLANG_WARN_BOOL_CONVERSION = YES;
				CLANG_WARN_CONSTANT_CONVERSION = YES;
				CLANG_WARN_DIRECT_OBJC_ISA_USAGE = YES_ERROR;
				CLANG_WARN_DOCUMENTATION_COMMENTS = YES;
				CLANG_WARN_EMPTY_BODY = YES;
				CLANG_WARN_ENUM_CONVERSION = YES;
				CLANG_WARN_INFINITE_RECURSION = YES;
				CLANG_WARN_INT_CONVERSION = YES;
				CLANG_WARN_OBJC_ROOT_CLASS = YES_ERROR;
				CLANG_WARN_SUSPICIOUS_MOVES = YES;
				CLANG_WARN_UNREACHABLE_CODE = YES;
				CLANG_WARN__DUPLICATE_METHOD_MATCH = YES;
				"CODE_SIGN_IDENTITY[sdk=iphoneos*]" = "iPhone Developer";
				COPY_PHASE_STRIP = NO;
				DEBUG_INFORMATION_FORMAT = dwarf;
				ENABLE_STRICT_OBJC_MSGSEND = YES;
				ENABLE_TESTABILITY = YES;
				GCC_C_LANGUAGE_STANDARD = gnu99;
				GCC_DYNAMIC_NO_PIC = NO;
				GCC_NO_COMMON_BLOCKS = YES;
				GCC_OPTIMIZATION_LEVEL = 0;
				GCC_PREPROCESSOR_DEFINITIONS = (
					"DEBUG=1",
					"$(inherited)",
				);
				GCC_WARN_64_TO_32_BIT_CONVERSION = YES;
				GCC_WARN_ABOUT_RETURN_TYPE = YES_ERROR;
				GCC_WARN_UNDECLARED_SELECTOR = YES;
				GCC_WARN_UNINITIALIZED_AUTOS = YES_AGGRESSIVE;
				GCC_WARN_UNUSED_FUNCTION = YES;
				GCC_WARN_UNUSED_VARIABLE = YES;
				IPHONEOS_DEPLOYMENT_TARGET = 10.1;
				MTL_ENABLE_DEBUG_INFO = YES;
				ONLY_ACTIVE_ARCH = YES;
				SDKROOT = iphoneos;
				SWIFT_ACTIVE_COMPILATION_CONDITIONS = DEBUG;
				SWIFT_OPTIMIZATION_LEVEL = "-Onone";
			};
			name = Debug;
		};
		9C07B6821D9A26F20034C443 /* Release */ = {
			isa = XCBuildConfiguration;
			buildSettings = {
				ALWAYS_SEARCH_USER_PATHS = NO;
				CLANG_ANALYZER_NONNULL = YES;
				CLANG_CXX_LANGUAGE_STANDARD = "gnu++0x";
				CLANG_CXX_LIBRARY = "libc++";
				CLANG_ENABLE_MODULES = YES;
				CLANG_ENABLE_OBJC_ARC = YES;
				CLANG_WARN_BOOL_CONVERSION = YES;
				CLANG_WARN_CONSTANT_CONVERSION = YES;
				CLANG_WARN_DIRECT_OBJC_ISA_USAGE = YES_ERROR;
				CLANG_WARN_DOCUMENTATION_COMMENTS = YES;
				CLANG_WARN_EMPTY_BODY = YES;
				CLANG_WARN_ENUM_CONVERSION = YES;
				CLANG_WARN_INFINITE_RECURSION = YES;
				CLANG_WARN_INT_CONVERSION = YES;
				CLANG_WARN_OBJC_ROOT_CLASS = YES_ERROR;
				CLANG_WARN_SUSPICIOUS_MOVES = YES;
				CLANG_WARN_UNREACHABLE_CODE = YES;
				CLANG_WARN__DUPLICATE_METHOD_MATCH = YES;
				"CODE_SIGN_IDENTITY[sdk=iphoneos*]" = "iPhone Developer";
				COPY_PHASE_STRIP = NO;
				DEBUG_INFORMATION_FORMAT = "dwarf-with-dsym";
				ENABLE_NS_ASSERTIONS = NO;
				ENABLE_STRICT_OBJC_MSGSEND = YES;
				GCC_C_LANGUAGE_STANDARD = gnu99;
				GCC_NO_COMMON_BLOCKS = YES;
				GCC_WARN_64_TO_32_BIT_CONVERSION = YES;
				GCC_WARN_ABOUT_RETURN_TYPE = YES_ERROR;
				GCC_WARN_UNDECLARED_SELECTOR = YES;
				GCC_WARN_UNINITIALIZED_AUTOS = YES_AGGRESSIVE;
				GCC_WARN_UNUSED_FUNCTION = YES;
				GCC_WARN_UNUSED_VARIABLE = YES;
				IPHONEOS_DEPLOYMENT_TARGET = 10.1;
				MTL_ENABLE_DEBUG_INFO = NO;
				SDKROOT = iphoneos;
				SWIFT_OPTIMIZATION_LEVEL = "-Owholemodule";
				VALIDATE_PRODUCT = YES;
			};
			name = Release;
		};
		9C07B6841D9A26F20034C443 /* Debug */ = {
			isa = XCBuildConfiguration;
			buildSettings = {
				ASSETCATALOG_COMPILER_APPICON_NAME = AppIcon;
				CLANG_ENABLE_MODULES = YES;
				DEVELOPMENT_TEAM = "";
				FRAMEWORK_SEARCH_PATHS = (
					"$(inherited)",
					"$(PROJECT_DIR)/ec601_homework2",
				);
				INFOPLIST_FILE = ec601_homework2/Info.plist;
				IPHONEOS_DEPLOYMENT_TARGET = 9.0;
				LD_RUNPATH_SEARCH_PATHS = "$(inherited) @executable_path/Frameworks";
				PRODUCT_BUNDLE_IDENTIFIER = "Di.ec601-homework2";
				PRODUCT_NAME = "$(TARGET_NAME)";
				SWIFT_OBJC_BRIDGING_HEADER = "ec601_homework2/ec601_homework2-Bridging-Header.h";
				SWIFT_OPTIMIZATION_LEVEL = "-Onone";
				SWIFT_VERSION = 3.0;
			};
			name = Debug;
		};
		9C07B6851D9A26F20034C443 /* Release */ = {
			isa = XCBuildConfiguration;
			buildSettings = {
				ASSETCATALOG_COMPILER_APPICON_NAME = AppIcon;
				CLANG_ENABLE_MODULES = YES;
				DEVELOPMENT_TEAM = "";
				FRAMEWORK_SEARCH_PATHS = (
					"$(inherited)",
					"$(PROJECT_DIR)/ec601_homework2",
				);
				INFOPLIST_FILE = ec601_homework2/Info.plist;
				IPHONEOS_DEPLOYMENT_TARGET = 9.0;
				LD_RUNPATH_SEARCH_PATHS = "$(inherited) @executable_path/Frameworks";
				PRODUCT_BUNDLE_IDENTIFIER = "Di.ec601-homework2";
				PRODUCT_NAME = "$(TARGET_NAME)";
				SWIFT_OBJC_BRIDGING_HEADER = "ec601_homework2/ec601_homework2-Bridging-Header.h";
				SWIFT_VERSION = 3.0;
			};
			name = Release;
		};
		9C07B6871D9A26F20034C443 /* Debug */ = {
			isa = XCBuildConfiguration;
			buildSettings = {
				ALWAYS_EMBED_SWIFT_STANDARD_LIBRARIES = YES;
				BUNDLE_LOADER = "$(TEST_HOST)";
				INFOPLIST_FILE = ec601_homework2Tests/Info.plist;
				LD_RUNPATH_SEARCH_PATHS = "$(inherited) @executable_path/Frameworks @loader_path/Frameworks";
				PRODUCT_BUNDLE_IDENTIFIER = "Di.ec601-homework2Tests";
				PRODUCT_NAME = "$(TARGET_NAME)";
				SWIFT_VERSION = 3.0;
				TEST_HOST = "$(BUILT_PRODUCTS_DIR)/ec601_homework2.app/ec601_homework2";
			};
			name = Debug;
		};
		9C07B6881D9A26F20034C443 /* Release */ = {
			isa = XCBuildConfiguration;
			buildSettings = {
				ALWAYS_EMBED_SWIFT_STANDARD_LIBRARIES = YES;
				BUNDLE_LOADER = "$(TEST_HOST)";
				INFOPLIST_FILE = ec601_homework2Tests/Info.plist;
				LD_RUNPATH_SEARCH_PATHS = "$(inherited) @executable_path/Frameworks @loader_path/Frameworks";
				PRODUCT_BUNDLE_IDENTIFIER = "Di.ec601-homework2Tests";
				PRODUCT_NAME = "$(TARGET_NAME)";
				SWIFT_VERSION = 3.0;
				TEST_HOST = "$(BUILT_PRODUCTS_DIR)/ec601_homework2.app/ec601_homework2";
			};
			name = Release;
		};
		9C07B68A1D9A26F20034C443 /* Debug */ = {
			isa = XCBuildConfiguration;
			buildSettings = {
				ALWAYS_EMBED_SWIFT_STANDARD_LIBRARIES = YES;
				INFOPLIST_FILE = ec601_homework2UITests/Info.plist;
				LD_RUNPATH_SEARCH_PATHS = "$(inherited) @executable_path/Frameworks @loader_path/Frameworks";
				PRODUCT_BUNDLE_IDENTIFIER = "Di.ec601-homework2UITests";
				PRODUCT_NAME = "$(TARGET_NAME)";
				SWIFT_VERSION = 3.0;
				TEST_TARGET_NAME = ec601_homework2;
			};
			name = Debug;
		};
		9C07B68B1D9A26F20034C443 /* Release */ = {
			isa = XCBuildConfiguration;
			buildSettings = {
				ALWAYS_EMBED_SWIFT_STANDARD_LIBRARIES = YES;
				INFOPLIST_FILE = ec601_homework2UITests/Info.plist;
				LD_RUNPATH_SEARCH_PATHS = "$(inherited) @executable_path/Frameworks @loader_path/Frameworks";
				PRODUCT_BUNDLE_IDENTIFIER = "Di.ec601-homework2UITests";
				PRODUCT_NAME = "$(TARGET_NAME)";
				SWIFT_VERSION = 3.0;
				TEST_TARGET_NAME = ec601_homework2;
			};
			name = Release;
		};
/* End XCBuildConfiguration section */

/* Begin XCConfigurationList section */
		9C07B6561D9A26F20034C443 /* Build configuration list for PBXProject "ec601_homework2" */ = {
			isa = XCConfigurationList;
			buildConfigurations = (
				9C07B6811D9A26F20034C443 /* Debug */,
				9C07B6821D9A26F20034C443 /* Release */,
			);
			defaultConfigurationIsVisible = 0;
			defaultConfigurationName = Release;
		};
		9C07B6831D9A26F20034C443 /* Build configuration list for PBXNativeTarget "ec601_homework2" */ = {
			isa = XCConfigurationList;
			buildConfigurations = (
				9C07B6841D9A26F20034C443 /* Debug */,
				9C07B6851D9A26F20034C443 /* Release */,
			);
			defaultConfigurationIsVisible = 0;
			defaultConfigurationName = Release;
		};
		9C07B6861D9A26F20034C443 /* Build configuration list for PBXNativeTarget "ec601_homework2Tests" */ = {
			isa = XCConfigurationList;
			buildConfigurations = (
				9C07B6871D9A26F20034C443 /* Debug */,
				9C07B6881D9A26F20034C443 /* Release */,
			);
			defaultConfigurationIsVisible = 0;
			defaultConfigurationName = Release;
		};
		9C07B6891D9A26F20034C443 /* Build configuration list for PBXNativeTarget "ec601_homework2UITests" */ = {
			isa = XCConfigurationList;
			buildConfigurations = (
				9C07B68A1D9A26F20034C443 /* Debug */,
				9C07B68B1D9A26F20034C443 /* Release */,
			);
			defaultConfigurationIsVisible = 0;
			defaultConfigurationName = Release;
		};
/* End XCConfigurationList section */
	};
	rootObject = 9C07B6531D9A26F20034C443 /* Project object */;
}
